// !$*UTF8*$!
{
	archiveVersion = 1;
	classes = {
	};
	objectVersion = 50;
	objects = {

/* Begin PBXBuildFile section */
		12FB36BFCCE7E4042B385F00 /* Pods_Login.framework in Frameworks */ = {isa = PBXBuildFile; fileRef = 8385E9749B07D4FD6C736B93 /* Pods_Login.framework */; };
		981FABB024F5A10A00D2DE82 /* LoginViewTheme.swift in Sources */ = {isa = PBXBuildFile; fileRef = 981FABAF24F5A10A00D2DE82 /* LoginViewTheme.swift */; };
		981FABBD24F5AA5C00D2DE82 /* AuthenticateView.swift in Sources */ = {isa = PBXBuildFile; fileRef = 981FABBC24F5AA5C00D2DE82 /* AuthenticateView.swift */; };
		984ABCE424EF236A00581BFB /* LoginView.swift in Sources */ = {isa = PBXBuildFile; fileRef = 984ABCE324EF236A00581BFB /* LoginView.swift */; };
		98945F6E24FFD8E4009CB2C8 /* Core.framework in Frameworks */ = {isa = PBXBuildFile; fileRef = 98945F6D24FFD8E4009CB2C8 /* Core.framework */; };
		98945F6F24FFD8E4009CB2C8 /* Core.framework in Embed Frameworks */ = {isa = PBXBuildFile; fileRef = 98945F6D24FFD8E4009CB2C8 /* Core.framework */; settings = {ATTRIBUTES = (CodeSignOnCopy, RemoveHeadersOnCopy, ); }; };
		989A1F1F24EE05680042A306 /* LoginViewController.swift in Sources */ = {isa = PBXBuildFile; fileRef = 989A1F1E24EE05680042A306 /* LoginViewController.swift */; };
		989A1F2224EE0A800042A306 /* LoginEvents.swift in Sources */ = {isa = PBXBuildFile; fileRef = 989A1F2124EE0A800042A306 /* LoginEvents.swift */; };
		989E25FB24EC56DE000B7586 /* Login.framework in Frameworks */ = {isa = PBXBuildFile; fileRef = 989E25F124EC56DD000B7586 /* Login.framework */; };
		989E260024EC56DE000B7586 /* LoginTests.swift in Sources */ = {isa = PBXBuildFile; fileRef = 989E25FF24EC56DE000B7586 /* LoginTests.swift */; };
		989E260224EC56DE000B7586 /* Login.h in Headers */ = {isa = PBXBuildFile; fileRef = 989E25F424EC56DD000B7586 /* Login.h */; settings = {ATTRIBUTES = (Public, ); }; };
		98D83B2024EC98A5004D9512 /* LoginCoordinator.swift in Sources */ = {isa = PBXBuildFile; fileRef = 98D83B1F24EC98A5004D9512 /* LoginCoordinator.swift */; };
		CC04D79012D705E88C94C476 /* Pods_LoginTests.framework in Frameworks */ = {isa = PBXBuildFile; fileRef = 7FBC63965890E3D051ED5A8F /* Pods_LoginTests.framework */; };
/* End PBXBuildFile section */

/* Begin PBXContainerItemProxy section */
		989E25FC24EC56DE000B7586 /* PBXContainerItemProxy */ = {
			isa = PBXContainerItemProxy;
			containerPortal = 989E25E824EC56DD000B7586 /* Project object */;
			proxyType = 1;
			remoteGlobalIDString = 989E25F024EC56DD000B7586;
			remoteInfo = Login;
		};
/* End PBXContainerItemProxy section */

/* Begin PBXCopyFilesBuildPhase section */
		98945F7024FFD8E4009CB2C8 /* Embed Frameworks */ = {
			isa = PBXCopyFilesBuildPhase;
			buildActionMask = 2147483647;
			dstPath = "";
			dstSubfolderSpec = 10;
			files = (
				98945F6F24FFD8E4009CB2C8 /* Core.framework in Embed Frameworks */,
			);
			name = "Embed Frameworks";
			runOnlyForDeploymentPostprocessing = 0;
		};
/* End PBXCopyFilesBuildPhase section */

/* Begin PBXFileReference section */
		32E1BFA52104ADCCB1C89911 /* Pods-LoginTests.release.xcconfig */ = {isa = PBXFileReference; includeInIndex = 1; lastKnownFileType = text.xcconfig; name = "Pods-LoginTests.release.xcconfig"; path = "Target Support Files/Pods-LoginTests/Pods-LoginTests.release.xcconfig"; sourceTree = "<group>"; };
		3340FFABBEA00EA91BEC4B15 /* Pods-Login.debug.xcconfig */ = {isa = PBXFileReference; includeInIndex = 1; lastKnownFileType = text.xcconfig; name = "Pods-Login.debug.xcconfig"; path = "Target Support Files/Pods-Login/Pods-Login.debug.xcconfig"; sourceTree = "<group>"; };
		7FBC63965890E3D051ED5A8F /* Pods_LoginTests.framework */ = {isa = PBXFileReference; explicitFileType = wrapper.framework; includeInIndex = 0; path = Pods_LoginTests.framework; sourceTree = BUILT_PRODUCTS_DIR; };
		8385E9749B07D4FD6C736B93 /* Pods_Login.framework */ = {isa = PBXFileReference; explicitFileType = wrapper.framework; includeInIndex = 0; path = Pods_Login.framework; sourceTree = BUILT_PRODUCTS_DIR; };
		981FABAF24F5A10A00D2DE82 /* LoginViewTheme.swift */ = {isa = PBXFileReference; lastKnownFileType = sourcecode.swift; path = LoginViewTheme.swift; sourceTree = "<group>"; };
		981FABBC24F5AA5C00D2DE82 /* AuthenticateView.swift */ = {isa = PBXFileReference; lastKnownFileType = sourcecode.swift; path = AuthenticateView.swift; sourceTree = "<group>"; };
		984ABCE324EF236A00581BFB /* LoginView.swift */ = {isa = PBXFileReference; lastKnownFileType = sourcecode.swift; path = LoginView.swift; sourceTree = "<group>"; };
		98945F6D24FFD8E4009CB2C8 /* Core.framework */ = {isa = PBXFileReference; explicitFileType = wrapper.framework; path = Core.framework; sourceTree = BUILT_PRODUCTS_DIR; };
		989A1F1E24EE05680042A306 /* LoginViewController.swift */ = {isa = PBXFileReference; lastKnownFileType = sourcecode.swift; path = LoginViewController.swift; sourceTree = "<group>"; };
		989A1F2124EE0A800042A306 /* LoginEvents.swift */ = {isa = PBXFileReference; lastKnownFileType = sourcecode.swift; path = LoginEvents.swift; sourceTree = "<group>"; };
		989E25F124EC56DD000B7586 /* Login.framework */ = {isa = PBXFileReference; explicitFileType = wrapper.framework; includeInIndex = 0; path = Login.framework; sourceTree = BUILT_PRODUCTS_DIR; };
		989E25F424EC56DD000B7586 /* Login.h */ = {isa = PBXFileReference; lastKnownFileType = sourcecode.c.h; path = Login.h; sourceTree = "<group>"; };
		989E25F524EC56DD000B7586 /* Info.plist */ = {isa = PBXFileReference; lastKnownFileType = text.plist.xml; path = Info.plist; sourceTree = "<group>"; };
		989E25FA24EC56DE000B7586 /* LoginTests.xctest */ = {isa = PBXFileReference; explicitFileType = wrapper.cfbundle; includeInIndex = 0; path = LoginTests.xctest; sourceTree = BUILT_PRODUCTS_DIR; };
		989E25FF24EC56DE000B7586 /* LoginTests.swift */ = {isa = PBXFileReference; lastKnownFileType = sourcecode.swift; path = LoginTests.swift; sourceTree = "<group>"; };
		989E260124EC56DE000B7586 /* Info.plist */ = {isa = PBXFileReference; lastKnownFileType = text.plist.xml; path = Info.plist; sourceTree = "<group>"; };
		98D83B1F24EC98A5004D9512 /* LoginCoordinator.swift */ = {isa = PBXFileReference; lastKnownFileType = sourcecode.swift; path = LoginCoordinator.swift; sourceTree = "<group>"; };
		A9E93C3880E9FA9A7F636FD6 /* Pods-LoginTests.debug.xcconfig */ = {isa = PBXFileReference; includeInIndex = 1; lastKnownFileType = text.xcconfig; name = "Pods-LoginTests.debug.xcconfig"; path = "Target Support Files/Pods-LoginTests/Pods-LoginTests.debug.xcconfig"; sourceTree = "<group>"; };
		B7B31585A3F3D220DCAC963D /* Pods-Login.release.xcconfig */ = {isa = PBXFileReference; includeInIndex = 1; lastKnownFileType = text.xcconfig; name = "Pods-Login.release.xcconfig"; path = "Target Support Files/Pods-Login/Pods-Login.release.xcconfig"; sourceTree = "<group>"; };
/* End PBXFileReference section */

/* Begin PBXFrameworksBuildPhase section */
		989E25EE24EC56DD000B7586 /* Frameworks */ = {
			isa = PBXFrameworksBuildPhase;
			buildActionMask = 2147483647;
			files = (
				98945F6E24FFD8E4009CB2C8 /* Core.framework in Frameworks */,
				12FB36BFCCE7E4042B385F00 /* Pods_Login.framework in Frameworks */,
			);
			runOnlyForDeploymentPostprocessing = 0;
		};
		989E25F724EC56DE000B7586 /* Frameworks */ = {
			isa = PBXFrameworksBuildPhase;
			buildActionMask = 2147483647;
			files = (
				989E25FB24EC56DE000B7586 /* Login.framework in Frameworks */,
				CC04D79012D705E88C94C476 /* Pods_LoginTests.framework in Frameworks */,
			);
			runOnlyForDeploymentPostprocessing = 0;
		};
/* End PBXFrameworksBuildPhase section */

/* Begin PBXGroup section */
		0F128982BE6AFF222DA347E4 /* Pods */ = {
			isa = PBXGroup;
			children = (
				3340FFABBEA00EA91BEC4B15 /* Pods-Login.debug.xcconfig */,
				B7B31585A3F3D220DCAC963D /* Pods-Login.release.xcconfig */,
				A9E93C3880E9FA9A7F636FD6 /* Pods-LoginTests.debug.xcconfig */,
				32E1BFA52104ADCCB1C89911 /* Pods-LoginTests.release.xcconfig */,
			);
			name = Pods;
			path = ../Pods;
			sourceTree = "<group>";
		};
		984ABCE224EF234B00581BFB /* View */ = {
			isa = PBXGroup;
			children = (
				984ABCE324EF236A00581BFB /* LoginView.swift */,
				981FABAF24F5A10A00D2DE82 /* LoginViewTheme.swift */,
				981FABBC24F5AA5C00D2DE82 /* AuthenticateView.swift */,
			);
			path = View;
			sourceTree = "<group>";
		};
		98945F6C24FFD8E4009CB2C8 /* Frameworks */ = {
			isa = PBXGroup;
			children = (
				98945F6D24FFD8E4009CB2C8 /* Core.framework */,
				8385E9749B07D4FD6C736B93 /* Pods_Login.framework */,
				7FBC63965890E3D051ED5A8F /* Pods_LoginTests.framework */,
			);
			name = Frameworks;
			sourceTree = "<group>";
		};
		989A1F1D24EE05500042A306 /* Controller */ = {
			isa = PBXGroup;
			children = (
				989A1F1E24EE05680042A306 /* LoginViewController.swift */,
			);
			path = Controller;
			sourceTree = "<group>";
		};
		989A1F2024EE0A630042A306 /* Events */ = {
			isa = PBXGroup;
			children = (
				989A1F2124EE0A800042A306 /* LoginEvents.swift */,
			);
			path = Events;
			sourceTree = "<group>";
		};
		989E25E724EC56DD000B7586 = {
			isa = PBXGroup;
			children = (
				989E25F324EC56DD000B7586 /* Login */,
				989E25FE24EC56DE000B7586 /* LoginTests */,
				989E25F224EC56DD000B7586 /* Products */,
				98945F6C24FFD8E4009CB2C8 /* Frameworks */,
				0F128982BE6AFF222DA347E4 /* Pods */,
			);
			sourceTree = "<group>";
		};
		989E25F224EC56DD000B7586 /* Products */ = {
			isa = PBXGroup;
			children = (
				989E25F124EC56DD000B7586 /* Login.framework */,
				989E25FA24EC56DE000B7586 /* LoginTests.xctest */,
			);
			name = Products;
			sourceTree = "<group>";
		};
		989E25F324EC56DD000B7586 /* Login */ = {
			isa = PBXGroup;
			children = (
				984ABCE224EF234B00581BFB /* View */,
				989A1F2024EE0A630042A306 /* Events */,
				989A1F1D24EE05500042A306 /* Controller */,
				989E25F424EC56DD000B7586 /* Login.h */,
				989E25F524EC56DD000B7586 /* Info.plist */,
				98D83B1F24EC98A5004D9512 /* LoginCoordinator.swift */,
			);
			path = Login;
			sourceTree = "<group>";
		};
		989E25FE24EC56DE000B7586 /* LoginTests */ = {
			isa = PBXGroup;
			children = (
				989E25FF24EC56DE000B7586 /* LoginTests.swift */,
				989E260124EC56DE000B7586 /* Info.plist */,
			);
			path = LoginTests;
			sourceTree = "<group>";
		};
/* End PBXGroup section */

/* Begin PBXHeadersBuildPhase section */
		989E25EC24EC56DD000B7586 /* Headers */ = {
			isa = PBXHeadersBuildPhase;
			buildActionMask = 2147483647;
			files = (
				989E260224EC56DE000B7586 /* Login.h in Headers */,
			);
			runOnlyForDeploymentPostprocessing = 0;
		};
/* End PBXHeadersBuildPhase section */

/* Begin PBXNativeTarget section */
		989E25F024EC56DD000B7586 /* Login */ = {
			isa = PBXNativeTarget;
			buildConfigurationList = 989E260524EC56DE000B7586 /* Build configuration list for PBXNativeTarget "Login" */;
			buildPhases = (
				2770C5D99463E1E8EC7D3D1A /* [CP] Check Pods Manifest.lock */,
				989E25EC24EC56DD000B7586 /* Headers */,
				989E25ED24EC56DD000B7586 /* Sources */,
				989E25EE24EC56DD000B7586 /* Frameworks */,
				989E25EF24EC56DD000B7586 /* Resources */,
				98945F7024FFD8E4009CB2C8 /* Embed Frameworks */,
			);
			buildRules = (
			);
			dependencies = (
			);
			name = Login;
			productName = Login;
			productReference = 989E25F124EC56DD000B7586 /* Login.framework */;
			productType = "com.apple.product-type.framework";
		};
		989E25F924EC56DE000B7586 /* LoginTests */ = {
			isa = PBXNativeTarget;
			buildConfigurationList = 989E260824EC56DE000B7586 /* Build configuration list for PBXNativeTarget "LoginTests" */;
			buildPhases = (
				5A85F50F37D6E877B6303D65 /* [CP] Check Pods Manifest.lock */,
				989E25F624EC56DE000B7586 /* Sources */,
				989E25F724EC56DE000B7586 /* Frameworks */,
				989E25F824EC56DE000B7586 /* Resources */,
				7205D0532F9E7E5205BE7D52 /* [CP] Embed Pods Frameworks */,
			);
			buildRules = (
			);
			dependencies = (
				989E25FD24EC56DE000B7586 /* PBXTargetDependency */,
			);
			name = LoginTests;
			productName = LoginTests;
			productReference = 989E25FA24EC56DE000B7586 /* LoginTests.xctest */;
			productType = "com.apple.product-type.bundle.unit-test";
		};
/* End PBXNativeTarget section */

/* Begin PBXProject section */
		989E25E824EC56DD000B7586 /* Project object */ = {
			isa = PBXProject;
			attributes = {
				LastSwiftUpdateCheck = 1140;
				LastUpgradeCheck = 1140;
				ORGANIZATIONNAME = "Adolfo Montilla";
				TargetAttributes = {
					989E25F024EC56DD000B7586 = {
						CreatedOnToolsVersion = 11.4.1;
						LastSwiftMigration = 1140;
					};
					989E25F924EC56DE000B7586 = {
						CreatedOnToolsVersion = 11.4.1;
					};
				};
			};
			buildConfigurationList = 989E25EB24EC56DD000B7586 /* Build configuration list for PBXProject "Login" */;
			compatibilityVersion = "Xcode 9.3";
			developmentRegion = en;
			hasScannedForEncodings = 0;
			knownRegions = (
				en,
				Base,
			);
			mainGroup = 989E25E724EC56DD000B7586;
			productRefGroup = 989E25F224EC56DD000B7586 /* Products */;
			projectDirPath = "";
			projectRoot = "";
			targets = (
				989E25F024EC56DD000B7586 /* Login */,
				989E25F924EC56DE000B7586 /* LoginTests */,
			);
		};
/* End PBXProject section */

/* Begin PBXResourcesBuildPhase section */
		989E25EF24EC56DD000B7586 /* Resources */ = {
			isa = PBXResourcesBuildPhase;
			buildActionMask = 2147483647;
			files = (
			);
			runOnlyForDeploymentPostprocessing = 0;
		};
		989E25F824EC56DE000B7586 /* Resources */ = {
			isa = PBXResourcesBuildPhase;
			buildActionMask = 2147483647;
			files = (
			);
			runOnlyForDeploymentPostprocessing = 0;
		};
/* End PBXResourcesBuildPhase section */

/* Begin PBXShellScriptBuildPhase section */
		2770C5D99463E1E8EC7D3D1A /* [CP] Check Pods Manifest.lock */ = {
			isa = PBXShellScriptBuildPhase;
			buildActionMask = 2147483647;
			files = (
			);
			inputFileListPaths = (
			);
			inputPaths = (
				"${PODS_PODFILE_DIR_PATH}/Podfile.lock",
				"${PODS_ROOT}/Manifest.lock",
			);
			name = "[CP] Check Pods Manifest.lock";
			outputFileListPaths = (
			);
			outputPaths = (
				"$(DERIVED_FILE_DIR)/Pods-Login-checkManifestLockResult.txt",
			);
			runOnlyForDeploymentPostprocessing = 0;
			shellPath = /bin/sh;
			shellScript = "diff \"${PODS_PODFILE_DIR_PATH}/Podfile.lock\" \"${PODS_ROOT}/Manifest.lock\" > /dev/null\nif [ $? != 0 ] ; then\n    # print error to STDERR\n    echo \"error: The sandbox is not in sync with the Podfile.lock. Run 'pod install' or update your CocoaPods installation.\" >&2\n    exit 1\nfi\n# This output is used by Xcode 'outputs' to avoid re-running this script phase.\necho \"SUCCESS\" > \"${SCRIPT_OUTPUT_FILE_0}\"\n";
			showEnvVarsInLog = 0;
		};
		5A85F50F37D6E877B6303D65 /* [CP] Check Pods Manifest.lock */ = {
			isa = PBXShellScriptBuildPhase;
			buildActionMask = 2147483647;
			files = (
			);
			inputFileListPaths = (
			);
			inputPaths = (
				"${PODS_PODFILE_DIR_PATH}/Podfile.lock",
				"${PODS_ROOT}/Manifest.lock",
			);
			name = "[CP] Check Pods Manifest.lock";
			outputFileListPaths = (
			);
			outputPaths = (
				"$(DERIVED_FILE_DIR)/Pods-LoginTests-checkManifestLockResult.txt",
			);
			runOnlyForDeploymentPostprocessing = 0;
			shellPath = /bin/sh;
			shellScript = "diff \"${PODS_PODFILE_DIR_PATH}/Podfile.lock\" \"${PODS_ROOT}/Manifest.lock\" > /dev/null\nif [ $? != 0 ] ; then\n    # print error to STDERR\n    echo \"error: The sandbox is not in sync with the Podfile.lock. Run 'pod install' or update your CocoaPods installation.\" >&2\n    exit 1\nfi\n# This output is used by Xcode 'outputs' to avoid re-running this script phase.\necho \"SUCCESS\" > \"${SCRIPT_OUTPUT_FILE_0}\"\n";
			showEnvVarsInLog = 0;
		};
		7205D0532F9E7E5205BE7D52 /* [CP] Embed Pods Frameworks */ = {
			isa = PBXShellScriptBuildPhase;
			buildActionMask = 2147483647;
			files = (
			);
			inputFileListPaths = (
				"${PODS_ROOT}/Target Support Files/Pods-LoginTests/Pods-LoginTests-frameworks-${CONFIGURATION}-input-files.xcfilelist",
			);
			name = "[CP] Embed Pods Frameworks";
			outputFileListPaths = (
				"${PODS_ROOT}/Target Support Files/Pods-LoginTests/Pods-LoginTests-frameworks-${CONFIGURATION}-output-files.xcfilelist",
			);
			runOnlyForDeploymentPostprocessing = 0;
			shellPath = /bin/sh;
			shellScript = "\"${PODS_ROOT}/Target Support Files/Pods-LoginTests/Pods-LoginTests-frameworks.sh\"\n";
			showEnvVarsInLog = 0;
		};
/* End PBXShellScriptBuildPhase section */

/* Begin PBXSourcesBuildPhase section */
		989E25ED24EC56DD000B7586 /* Sources */ = {
			isa = PBXSourcesBuildPhase;
			buildActionMask = 2147483647;
			files = (
				98D83B2024EC98A5004D9512 /* LoginCoordinator.swift in Sources */,
				989A1F1F24EE05680042A306 /* LoginViewController.swift in Sources */,
				984ABCE424EF236A00581BFB /* LoginView.swift in Sources */,
				989A1F2224EE0A800042A306 /* LoginEvents.swift in Sources */,
				981FABB024F5A10A00D2DE82 /* LoginViewTheme.swift in Sources */,
				981FABBD24F5AA5C00D2DE82 /* AuthenticateView.swift in Sources */,
			);
			runOnlyForDeploymentPostprocessing = 0;
		};
		989E25F624EC56DE000B7586 /* Sources */ = {
			isa = PBXSourcesBuildPhase;
			buildActionMask = 2147483647;
			files = (
				989E260024EC56DE000B7586 /* LoginTests.swift in Sources */,
			);
			runOnlyForDeploymentPostprocessing = 0;
		};
/* End PBXSourcesBuildPhase section */

/* Begin PBXTargetDependency section */
		989E25FD24EC56DE000B7586 /* PBXTargetDependency */ = {
			isa = PBXTargetDependency;
			target = 989E25F024EC56DD000B7586 /* Login */;
			targetProxy = 989E25FC24EC56DE000B7586 /* PBXContainerItemProxy */;
		};
/* End PBXTargetDependency section */

/* Begin XCBuildConfiguration section */
		989E260324EC56DE000B7586 /* Debug */ = {
			isa = XCBuildConfiguration;
			buildSettings = {
				ALWAYS_SEARCH_USER_PATHS = NO;
				CLANG_ANALYZER_NONNULL = YES;
				CLANG_ANALYZER_NUMBER_OBJECT_CONVERSION = YES_AGGRESSIVE;
				CLANG_CXX_LANGUAGE_STANDARD = "gnu++14";
				CLANG_CXX_LIBRARY = "libc++";
				CLANG_ENABLE_MODULES = YES;
				CLANG_ENABLE_OBJC_ARC = YES;
				CLANG_ENABLE_OBJC_WEAK = YES;
				CLANG_WARN_BLOCK_CAPTURE_AUTORELEASING = YES;
				CLANG_WARN_BOOL_CONVERSION = YES;
				CLANG_WARN_COMMA = YES;
				CLANG_WARN_CONSTANT_CONVERSION = YES;
				CLANG_WARN_DEPRECATED_OBJC_IMPLEMENTATIONS = YES;
				CLANG_WARN_DIRECT_OBJC_ISA_USAGE = YES_ERROR;
				CLANG_WARN_DOCUMENTATION_COMMENTS = YES;
				CLANG_WARN_EMPTY_BODY = YES;
				CLANG_WARN_ENUM_CONVERSION = YES;
				CLANG_WARN_INFINITE_RECURSION = YES;
				CLANG_WARN_INT_CONVERSION = YES;
				CLANG_WARN_NON_LITERAL_NULL_CONVERSION = YES;
				CLANG_WARN_OBJC_IMPLICIT_RETAIN_SELF = YES;
				CLANG_WARN_OBJC_LITERAL_CONVERSION = YES;
				CLANG_WARN_OBJC_ROOT_CLASS = YES_ERROR;
				CLANG_WARN_RANGE_LOOP_ANALYSIS = YES;
				CLANG_WARN_STRICT_PROTOTYPES = YES;
				CLANG_WARN_SUSPICIOUS_MOVE = YES;
				CLANG_WARN_UNGUARDED_AVAILABILITY = YES_AGGRESSIVE;
				CLANG_WARN_UNREACHABLE_CODE = YES;
				CLANG_WARN__DUPLICATE_METHOD_MATCH = YES;
				COPY_PHASE_STRIP = NO;
				CURRENT_PROJECT_VERSION = 1;
				DEBUG_INFORMATION_FORMAT = dwarf;
				ENABLE_STRICT_OBJC_MSGSEND = YES;
				ENABLE_TESTABILITY = YES;
				GCC_C_LANGUAGE_STANDARD = gnu11;
				GCC_DYNAMIC_NO_PIC = NO;
				GCC_NO_COMMON_BLOCKS = YES;
				GCC_OPTIMIZATION_LEVEL = 0;
				GCC_PREPROCESSOR_DEFINITIONS = (
					"DEBUG=1",
					"$(inherited)",
				);
				GCC_WARN_64_TO_32_BIT_CONVERSION = YES;
				GCC_WARN_ABOUT_RETURN_TYPE = YES_ERROR;
				GCC_WARN_UNDECLARED_SELECTOR = YES;
				GCC_WARN_UNINITIALIZED_AUTOS = YES_AGGRESSIVE;
				GCC_WARN_UNUSED_FUNCTION = YES;
				GCC_WARN_UNUSED_VARIABLE = YES;
				IPHONEOS_DEPLOYMENT_TARGET = 10.0;
				MTL_ENABLE_DEBUG_INFO = INCLUDE_SOURCE;
				MTL_FAST_MATH = YES;
				ONLY_ACTIVE_ARCH = YES;
				SDKROOT = iphoneos;
				SWIFT_ACTIVE_COMPILATION_CONDITIONS = DEBUG;
				SWIFT_OPTIMIZATION_LEVEL = "-Onone";
				VERSIONING_SYSTEM = "apple-generic";
				VERSION_INFO_PREFIX = "";
			};
			name = Debug;
		};
		989E260424EC56DE000B7586 /* Release */ = {
			isa = XCBuildConfiguration;
			buildSettings = {
				ALWAYS_SEARCH_USER_PATHS = NO;
				CLANG_ANALYZER_NONNULL = YES;
				CLANG_ANALYZER_NUMBER_OBJECT_CONVERSION = YES_AGGRESSIVE;
				CLANG_CXX_LANGUAGE_STANDARD = "gnu++14";
				CLANG_CXX_LIBRARY = "libc++";
				CLANG_ENABLE_MODULES = YES;
				CLANG_ENABLE_OBJC_ARC = YES;
				CLANG_ENABLE_OBJC_WEAK = YES;
				CLANG_WARN_BLOCK_CAPTURE_AUTORELEASING = YES;
				CLANG_WARN_BOOL_CONVERSION = YES;
				CLANG_WARN_COMMA = YES;
				CLANG_WARN_CONSTANT_CONVERSION = YES;
				CLANG_WARN_DEPRECATED_OBJC_IMPLEMENTATIONS = YES;
				CLANG_WARN_DIRECT_OBJC_ISA_USAGE = YES_ERROR;
				CLANG_WARN_DOCUMENTATION_COMMENTS = YES;
				CLANG_WARN_EMPTY_BODY = YES;
				CLANG_WARN_ENUM_CONVERSION = YES;
				CLANG_WARN_INFINITE_RECURSION = YES;
				CLANG_WARN_INT_CONVERSION = YES;
				CLANG_WARN_NON_LITERAL_NULL_CONVERSION = YES;
				CLANG_WARN_OBJC_IMPLICIT_RETAIN_SELF = YES;
				CLANG_WARN_OBJC_LITERAL_CONVERSION = YES;
				CLANG_WARN_OBJC_ROOT_CLASS = YES_ERROR;
				CLANG_WARN_RANGE_LOOP_ANALYSIS = YES;
				CLANG_WARN_STRICT_PROTOTYPES = YES;
				CLANG_WARN_SUSPICIOUS_MOVE = YES;
				CLANG_WARN_UNGUARDED_AVAILABILITY = YES_AGGRESSIVE;
				CLANG_WARN_UNREACHABLE_CODE = YES;
				CLANG_WARN__DUPLICATE_METHOD_MATCH = YES;
				COPY_PHASE_STRIP = NO;
				CURRENT_PROJECT_VERSION = 1;
				DEBUG_INFORMATION_FORMAT = "dwarf-with-dsym";
				ENABLE_NS_ASSERTIONS = NO;
				ENABLE_STRICT_OBJC_MSGSEND = YES;
				GCC_C_LANGUAGE_STANDARD = gnu11;
				GCC_NO_COMMON_BLOCKS = YES;
				GCC_WARN_64_TO_32_BIT_CONVERSION = YES;
				GCC_WARN_ABOUT_RETURN_TYPE = YES_ERROR;
				GCC_WARN_UNDECLARED_SELECTOR = YES;
				GCC_WARN_UNINITIALIZED_AUTOS = YES_AGGRESSIVE;
				GCC_WARN_UNUSED_FUNCTION = YES;
				GCC_WARN_UNUSED_VARIABLE = YES;
				IPHONEOS_DEPLOYMENT_TARGET = 10.0;
				MTL_ENABLE_DEBUG_INFO = NO;
				MTL_FAST_MATH = YES;
				SDKROOT = iphoneos;
				SWIFT_COMPILATION_MODE = wholemodule;
				SWIFT_OPTIMIZATION_LEVEL = "-O";
				VALIDATE_PRODUCT = YES;
				VERSIONING_SYSTEM = "apple-generic";
				VERSION_INFO_PREFIX = "";
			};
			name = Release;
		};
		989E260624EC56DE000B7586 /* Debug */ = {
			isa = XCBuildConfiguration;
			baseConfigurationReference = 3340FFABBEA00EA91BEC4B15 /* Pods-Login.debug.xcconfig */;
			buildSettings = {
				ALWAYS_EMBED_SWIFT_STANDARD_LIBRARIES = NO;
				CLANG_ENABLE_MODULES = YES;
				CODE_SIGN_STYLE = Automatic;
				DEFINES_MODULE = YES;
				DEVELOPMENT_TEAM = W2H45976L3;
				DYLIB_COMPATIBILITY_VERSION = 1;
				DYLIB_CURRENT_VERSION = 1;
				DYLIB_INSTALL_NAME_BASE = "@rpath";
				INFOPLIST_FILE = Login/Info.plist;
				INSTALL_PATH = "$(LOCAL_LIBRARY_DIR)/Frameworks";
				LD_RUNPATH_SEARCH_PATHS = (
					"$(inherited)",
					"@executable_path/Frameworks",
					"@loader_path/Frameworks",
				);
				PRODUCT_BUNDLE_IDENTIFIER = com.AdolfoMontilla.Login;
				PRODUCT_NAME = "$(TARGET_NAME:c99extidentifier)";
				SKIP_INSTALL = YES;
				SUPPORTS_MACCATALYST = NO;
				SWIFT_OPTIMIZATION_LEVEL = "-Onone";
				SWIFT_VERSION = 5.0;
				TARGETED_DEVICE_FAMILY = 1;
			};
			name = Debug;
		};
		989E260724EC56DE000B7586 /* Release */ = {
			isa = XCBuildConfiguration;
			baseConfigurationReference = B7B31585A3F3D220DCAC963D /* Pods-Login.release.xcconfig */;
			buildSettings = {
				ALWAYS_EMBED_SWIFT_STANDARD_LIBRARIES = NO;
				CLANG_ENABLE_MODULES = YES;
				CODE_SIGN_STYLE = Automatic;
				DEFINES_MODULE = YES;
				DEVELOPMENT_TEAM = W2H45976L3;
				DYLIB_COMPATIBILITY_VERSION = 1;
				DYLIB_CURRENT_VERSION = 1;
				DYLIB_INSTALL_NAME_BASE = "@rpath";
				INFOPLIST_FILE = Login/Info.plist;
				INSTALL_PATH = "$(LOCAL_LIBRARY_DIR)/Frameworks";
				LD_RUNPATH_SEARCH_PATHS = (
					"$(inherited)",
					"@executable_path/Frameworks",
					"@loader_path/Frameworks",
				);
				PRODUCT_BUNDLE_IDENTIFIER = com.AdolfoMontilla.Login;
				PRODUCT_NAME = "$(TARGET_NAME:c99extidentifier)";
				SKIP_INSTALL = YES;
				SUPPORTS_MACCATALYST = NO;
				SWIFT_VERSION = 5.0;
				TARGETED_DEVICE_FAMILY = 1;
			};
			name = Release;
		};
		989E260924EC56DE000B7586 /* Debug */ = {
			isa = XCBuildConfiguration;
			baseConfigurationReference = A9E93C3880E9FA9A7F636FD6 /* Pods-LoginTests.debug.xcconfig */;
			buildSettings = {
				ALWAYS_EMBED_SWIFT_STANDARD_LIBRARIES = YES;
				CODE_SIGN_STYLE = Automatic;
				DEVELOPMENT_TEAM = W2H45976L3;
				INFOPLIST_FILE = LoginTests/Info.plist;
				LD_RUNPATH_SEARCH_PATHS = (
					"$(inherited)",
					"@executable_path/Frameworks",
					"@loader_path/Frameworks",
				);
				PRODUCT_BUNDLE_IDENTIFIER = com.AdolfoMontilla.LoginTests;
				PRODUCT_NAME = "$(TARGET_NAME)";
				SWIFT_VERSION = 5.0;
				TARGETED_DEVICE_FAMILY = "1,2";
			};
			name = Debug;
		};
		989E260A24EC56DE000B7586 /* Release */ = {
			isa = XCBuildConfiguration;
			baseConfigurationReference = 32E1BFA52104ADCCB1C89911 /* Pods-LoginTests.release.xcconfig */;
			buildSettings = {
				ALWAYS_EMBED_SWIFT_STANDARD_LIBRARIES = YES;
				CODE_SIGN_STYLE = Automatic;
				DEVELOPMENT_TEAM = W2H45976L3;
				INFOPLIST_FILE = LoginTests/Info.plist;
				LD_RUNPATH_SEARCH_PATHS = (
					"$(inherited)",
					"@executable_path/Frameworks",
					"@loader_path/Frameworks",
				);
				PRODUCT_BUNDLE_IDENTIFIER = com.AdolfoMontilla.LoginTests;
				PRODUCT_NAME = "$(TARGET_NAME)";
				SWIFT_VERSION = 5.0;
				TARGETED_DEVICE_FAMILY = "1,2";
			};
			name = Release;
		};
/* End XCBuildConfiguration section */

/* Begin XCConfigurationList section */
		989E25EB24EC56DD000B7586 /* Build configuration list for PBXProject "Login" */ = {
			isa = XCConfigurationList;
			buildConfigurations = (
				989E260324EC56DE000B7586 /* Debug */,
				989E260424EC56DE000B7586 /* Release */,
			);
			defaultConfigurationIsVisible = 0;
			defaultConfigurationName = Release;
		};
		989E260524EC56DE000B7586 /* Build configuration list for PBXNativeTarget "Login" */ = {
			isa = XCConfigurationList;
			buildConfigurations = (
				989E260624EC56DE000B7586 /* Debug */,
				989E260724EC56DE000B7586 /* Release */,
			);
			defaultConfigurationIsVisible = 0;
			defaultConfigurationName = Release;
		};
		989E260824EC56DE000B7586 /* Build configuration list for PBXNativeTarget "LoginTests" */ = {
			isa = XCConfigurationList;
			buildConfigurations = (
				989E260924EC56DE000B7586 /* Debug */,
				989E260A24EC56DE000B7586 /* Release */,
			);
			defaultConfigurationIsVisible = 0;
			defaultConfigurationName = Release;
		};
/* End XCConfigurationList section */
	};
	rootObject = 989E25E824EC56DD000B7586 /* Project object */;
}
